
Microsoft Visual Studio Solution File, Format Version 12.00
# Visual Studio Version 17
VisualStudioVersion = 17.7.34018.315
MinimumVisualStudioVersion = 10.0.40219.1
Project("{FAE04EC0-301F-11D3-BF4B-00C04F79EFBC}") = "c# password generator", "c# password generator\c# password generator.csproj", "{F40EF664-713E-4BDB-8930-7461E2CB65DF}"
EndProject
Global
	GlobalSection(SolutionConfigurationPlatforms) = preSolution
		Debug|Any CPU = Debug|Any CPU
		Release|Any CPU = Release|Any CPU
	EndGlobalSection
	GlobalSection(ProjectConfigurationPlatforms) = postSolution
		{F40EF664-713E-4BDB-8930-7461E2CB65DF}.Debug|Any CPU.ActiveCfg = Debug|Any CPU
		{F40EF664-713E-4BDB-8930-7461E2CB65DF}.Debug|Any CPU.Build.0 = Debug|Any CPU
		{F40EF664-713E-4BDB-8930-7461E2CB65DF}.Release|Any CPU.ActiveCfg = Release|Any CPU
		{F40EF664-713E-4BDB-8930-7461E2CB65DF}.Release|Any CPU.Build.0 = Release|Any CPU
	EndGlobalSection
	GlobalSection(SolutionProperties) = preSolution
		HideSolutionNode = FALSE
	EndGlobalSection
	GlobalSection(ExtensibilityGlobals) = postSolution
		SolutionGuid = {AA3D4728-B022-454E-B3A1-21D54E818151}
	EndGlobalSection
EndGlobal
